# THIS IS AN AUTOGENERATED FILE. DO NOT EDIT THIS FILE DIRECTLY.
# yarn lockfile v1


incstr@^1.2.3:
  version "1.2.3"
  resolved "https://registry.yarnpkg.com/incstr/-/incstr-1.2.3.tgz#8f105bbec9bebe5fa777e52b3f516cee071c67cf"
  integrity sha512-ySi29Lzdc3QnB1LzZgRf5kl59m5tPucNagrAyJJ9rWz4+Pa6IxAHSNyUHYvEvaj6QPwWAY2/thi3Rxt45qi3HQ==
